
Microsoft Visual Studio Solution File, Format Version 12.00
# Visual Studio Version 16
VisualStudioVersion = 16.0.29306.81
MinimumVisualStudioVersion = 10.0.40219.1
Project("{FAE04EC0-301F-11D3-BF4B-00C04F79EFBC}") = "Eksamen''", "Eksamen''\Eksamen''.csproj", "{9D7A8942-B272-400E-8B12-BDDFD74D96FB}"
EndProject
Global
	GlobalSection(SolutionConfigurationPlatforms) = preSolution
		Debug|Any CPU = Debug|Any CPU
		Release|Any CPU = Release|Any CPU
	EndGlobalSection
	GlobalSection(ProjectConfigurationPlatforms) = postSolution
		{9D7A8942-B272-400E-8B12-BDDFD74D96FB}.Debug|Any CPU.ActiveCfg = Debug|Any CPU
		{9D7A8942-B272-400E-8B12-BDDFD74D96FB}.Debug|Any CPU.Build.0 = Debug|Any CPU
		{9D7A8942-B272-400E-8B12-BDDFD74D96FB}.Release|Any CPU.ActiveCfg = Release|Any CPU
		{9D7A8942-B272-400E-8B12-BDDFD74D96FB}.Release|Any CPU.Build.0 = Release|Any CPU
	EndGlobalSection
	GlobalSection(SolutionProperties) = preSolution
		HideSolutionNode = FALSE
	EndGlobalSection
	GlobalSection(ExtensibilityGlobals) = postSolution
		SolutionGuid = {E293BF67-6F2D-43BD-BBF5-EEFBCBED0FC3}
	EndGlobalSection
EndGlobal
